
Microsoft Visual Studio Solution File, Format Version 12.00
# Visual Studio 15
VisualStudioVersion = 15.0.28010.2046
MinimumVisualStudioVersion = 10.0.40219.1
Project("{8BC9CEB8-8B4A-11D0-8D11-00A0C91BC942}") = "Project34", "Project34\Project34.vcxproj", "{DE658BD6-DE76-4193-8EC9-3D78B8D4BB01}"
EndProject
Global
	GlobalSection(SolutionConfigurationPlatforms) = preSolution
		Debug|x64 = Debug|x64
		Debug|x86 = Debug|x86
		Release|x64 = Release|x64
		Release|x86 = Release|x86
	EndGlobalSection
	GlobalSection(ProjectConfigurationPlatforms) = postSolution
		{DE658BD6-DE76-4193-8EC9-3D78B8D4BB01}.Debug|x64.ActiveCfg = Debug|x64
		{DE658BD6-DE76-4193-8EC9-3D78B8D4BB01}.Debug|x64.Build.0 = Debug|x64
		{DE658BD6-DE76-4193-8EC9-3D78B8D4BB01}.Debug|x86.ActiveCfg = Debug|Win32
		{DE658BD6-DE76-4193-8EC9-3D78B8D4BB01}.Debug|x86.Build.0 = Debug|Win32
		{DE658BD6-DE76-4193-8EC9-3D78B8D4BB01}.Release|x64.ActiveCfg = Release|x64
		{DE658BD6-DE76-4193-8EC9-3D78B8D4BB01}.Release|x64.Build.0 = Release|x64
		{DE658BD6-DE76-4193-8EC9-3D78B8D4BB01}.Release|x86.ActiveCfg = Release|Win32
		{DE658BD6-DE76-4193-8EC9-3D78B8D4BB01}.Release|x86.Build.0 = Release|Win32
	EndGlobalSection
	GlobalSection(SolutionProperties) = preSolution
		HideSolutionNode = FALSE
	EndGlobalSection
	GlobalSection(ExtensibilityGlobals) = postSolution
		SolutionGuid = {B162DDA6-E46B-4FB1-AA31-58D1B3E886C6}
	EndGlobalSection
EndGlobal
